
Microsoft Visual Studio Solution File, Format Version 12.00
# Visual Studio Version 17
VisualStudioVersion = 17.9.34714.143
MinimumVisualStudioVersion = 10.0.40219.1
Project("{FAE04EC0-301F-11D3-BF4B-00C04F79EFBC}") = "string_y_sus_metodos", "string_y_sus_metodos.csproj", "{AD0827FD-9859-4C65-80BC-D496669EABED}"
EndProject
Global
	GlobalSection(SolutionConfigurationPlatforms) = preSolution
		Debug|Any CPU = Debug|Any CPU
		Release|Any CPU = Release|Any CPU
	EndGlobalSection
	GlobalSection(ProjectConfigurationPlatforms) = postSolution
		{AD0827FD-9859-4C65-80BC-D496669EABED}.Debug|Any CPU.ActiveCfg = Debug|Any CPU
		{AD0827FD-9859-4C65-80BC-D496669EABED}.Debug|Any CPU.Build.0 = Debug|Any CPU
		{AD0827FD-9859-4C65-80BC-D496669EABED}.Release|Any CPU.ActiveCfg = Release|Any CPU
		{AD0827FD-9859-4C65-80BC-D496669EABED}.Release|Any CPU.Build.0 = Release|Any CPU
	EndGlobalSection
	GlobalSection(SolutionProperties) = preSolution
		HideSolutionNode = FALSE
	EndGlobalSection
	GlobalSection(ExtensibilityGlobals) = postSolution
		SolutionGuid = {9CAC12F2-6034-4699-9F53-A383B9FE6BAD}
	EndGlobalSection
EndGlobal
